
Microsoft Visual Studio Solution File, Format Version 12.00
# Visual Studio Version 16
VisualStudioVersion = 16.0.30002.166
MinimumVisualStudioVersion = 10.0.40219.1
Project("{FAE04EC0-301F-11D3-BF4B-00C04F79EFBC}") = "RedditVideoRotationBot", "src\RedditVideoRotationBot\RedditVideoRotationBot.csproj", "{06D9552D-F06D-4C32-9821-8F168FEC4885}"
EndProject
Global
	GlobalSection(SolutionConfigurationPlatforms) = preSolution
		Debug|Any CPU = Debug|Any CPU
		Release|Any CPU = Release|Any CPU
	EndGlobalSection
	GlobalSection(ProjectConfigurationPlatforms) = postSolution
		{06D9552D-F06D-4C32-9821-8F168FEC4885}.Debug|Any CPU.ActiveCfg = Debug|Any CPU
		{06D9552D-F06D-4C32-9821-8F168FEC4885}.Debug|Any CPU.Build.0 = Debug|Any CPU
		{06D9552D-F06D-4C32-9821-8F168FEC4885}.Release|Any CPU.ActiveCfg = Release|Any CPU
		{06D9552D-F06D-4C32-9821-8F168FEC4885}.Release|Any CPU.Build.0 = Release|Any CPU
	EndGlobalSection
	GlobalSection(SolutionProperties) = preSolution
		HideSolutionNode = FALSE
	EndGlobalSection
	GlobalSection(ExtensibilityGlobals) = postSolution
		SolutionGuid = {32835A8D-BAFE-41D1-9988-1B5783337140}
	EndGlobalSection
EndGlobal
